{
  "name": "faith-heritage",
  "version": "1.0.0",
  "lockfileVersion": 3,
  "requires": true,
  "packages": {
    "": {
      "name": "faith-heritage",
      "version": "1.0.0",
      "license": "ISC",
      "dependencies": {
        "@paystack/inline-js": "^2.19.1"
      }
    },
    "node_modules/@paystack/inline-js": {
      "version": "2.19.1",
      "resolved": "https://registry.npmjs.org/@paystack/inline-js/-/inline-js-2.19.1.tgz",
      "integrity": "sha512-8BmjlbWeADyLfHiDX/TMKPUgXIfoKGgOcXmG8zD5obvRKsytNZgo1BI2Mkh8KUpyTEI+id/0OnNnWrMtsU/ZfA==",
      "engines": {
        "node": ">= 18.0.0",
        "npm": ">= 10.0.0"
      }
    }
  }
}
